
Microsoft Visual Studio Solution File, Format Version 12.00
# Visual Studio Version 17
VisualStudioVersion = 17.1.32407.343
MinimumVisualStudioVersion = 10.0.40219.1
Project("{FAE04EC0-301F-11D3-BF4B-00C04F79EFBC}") = "Compte", "Compte\Compte.csproj", "{DAF45ACD-4721-4067-BA79-C9991C065AF6}"
EndProject
Global
	GlobalSection(SolutionConfigurationPlatforms) = preSolution
		Debug|Any CPU = Debug|Any CPU
		Release|Any CPU = Release|Any CPU
	EndGlobalSection
	GlobalSection(ProjectConfigurationPlatforms) = postSolution
		{DAF45ACD-4721-4067-BA79-C9991C065AF6}.Debug|Any CPU.ActiveCfg = Debug|Any CPU
		{DAF45ACD-4721-4067-BA79-C9991C065AF6}.Debug|Any CPU.Build.0 = Debug|Any CPU
		{DAF45ACD-4721-4067-BA79-C9991C065AF6}.Release|Any CPU.ActiveCfg = Release|Any CPU
		{DAF45ACD-4721-4067-BA79-C9991C065AF6}.Release|Any CPU.Build.0 = Release|Any CPU
	EndGlobalSection
	GlobalSection(SolutionProperties) = preSolution
		HideSolutionNode = FALSE
	EndGlobalSection
	GlobalSection(ExtensibilityGlobals) = postSolution
		SolutionGuid = {69259328-B6B4-4180-BE04-289D913CD534}
	EndGlobalSection
EndGlobal
